
Microsoft Visual Studio Solution File, Format Version 12.00
# Visual Studio Version 16
VisualStudioVersion = 16.0.31729.503
MinimumVisualStudioVersion = 10.0.40219.1
Project("{FAE04EC0-301F-11D3-BF4B-00C04F79EFBC}") = "application", "application.csproj", "{0E790DC5-01B6-4D1E-84C2-B704540167CC}"
EndProject
Global
	GlobalSection(SolutionConfigurationPlatforms) = preSolution
		Debug|Any CPU = Debug|Any CPU
		Release|Any CPU = Release|Any CPU
	EndGlobalSection
	GlobalSection(ProjectConfigurationPlatforms) = postSolution
		{0E790DC5-01B6-4D1E-84C2-B704540167CC}.Debug|Any CPU.ActiveCfg = Debug|Any CPU
		{0E790DC5-01B6-4D1E-84C2-B704540167CC}.Debug|Any CPU.Build.0 = Debug|Any CPU
		{0E790DC5-01B6-4D1E-84C2-B704540167CC}.Release|Any CPU.ActiveCfg = Release|Any CPU
		{0E790DC5-01B6-4D1E-84C2-B704540167CC}.Release|Any CPU.Build.0 = Release|Any CPU
	EndGlobalSection
	GlobalSection(SolutionProperties) = preSolution
		HideSolutionNode = FALSE
	EndGlobalSection
	GlobalSection(ExtensibilityGlobals) = postSolution
		SolutionGuid = {088A5245-81BB-4B6C-9B7D-24FB7F653CFE}
	EndGlobalSection
EndGlobal
