
Microsoft Visual Studio Solution File, Format Version 12.00
# Visual Studio Version 16
VisualStudioVersion = 16.0.32106.194
MinimumVisualStudioVersion = 10.0.40219.1
Project("{FAE04EC0-301F-11D3-BF4B-00C04F79EFBC}") = "CoCo", "CoCo\CoCo.csproj", "{F6F10708-F4D3-4CDC-82F3-E06535E3B54C}"
EndProject
Global
	GlobalSection(SolutionConfigurationPlatforms) = preSolution
		Debug|Any CPU = Debug|Any CPU
		Release|Any CPU = Release|Any CPU
	EndGlobalSection
	GlobalSection(ProjectConfigurationPlatforms) = postSolution
		{F6F10708-F4D3-4CDC-82F3-E06535E3B54C}.Debug|Any CPU.ActiveCfg = Debug|Any CPU
		{F6F10708-F4D3-4CDC-82F3-E06535E3B54C}.Debug|Any CPU.Build.0 = Debug|Any CPU
		{F6F10708-F4D3-4CDC-82F3-E06535E3B54C}.Release|Any CPU.ActiveCfg = Release|Any CPU
		{F6F10708-F4D3-4CDC-82F3-E06535E3B54C}.Release|Any CPU.Build.0 = Release|Any CPU
	EndGlobalSection
	GlobalSection(SolutionProperties) = preSolution
		HideSolutionNode = FALSE
	EndGlobalSection
	GlobalSection(ExtensibilityGlobals) = postSolution
		SolutionGuid = {99DB3F00-708D-4D90-9EE7-EDE878B40EB5}
	EndGlobalSection
EndGlobal
